Microsoft Visual Studio Solution File, Format Version 12.00
# Visual Studio Version 17
VisualStudioVersion = 17.2.32526.322
MinimumVisualStudioVersion = 10.0.40219.1
Project("{9A19103F-16F7-4668-BE54-9A1E7A4F7556}") = "CS.ApiGateways", "src\CS.ApiGateways\CS.ApiGateways.csproj", "{B615986B-4EC5-481C-8B48-5ED2839D508D}"
EndProject
Project("{9A19103F-16F7-4668-BE54-9A1E7A4F7556}") = "CS.Ambulance", "src\CS.Ambulance\CS.Ambulance.csproj", "{DCC07FD2-A7C9-4A6C-915D-044F4B864607}"
EndProject
Project("{9A19103F-16F7-4668-BE54-9A1E7A4F7556}") = "CS.Athentication", "src\CS.Athentication\CS.Athentication.csproj", "{8C91FC97-6AA2-4AEA-A2F4-52831919A64D}"
EndProject
Project("{9A19103F-16F7-4668-BE54-9A1E7A4F7556}") = "CS.CallService", "src\CS.CallService\CS.CallService.csproj", "{31DD2B65-535F-4CEC-A4B5-842E5240508A}"
EndProject
Project("{9A19103F-16F7-4668-BE54-9A1E7A4F7556}") = "CS.EMERCOM", "src\CS.EMERCOM\CS.EMERCOM.csproj", "{5ABC3B21-F2FA-4D2A-A513-102A5FB0DE2F}"
EndProject
Project("{9A19103F-16F7-4668-BE54-9A1E7A4F7556}") = "CS.Police", "src\CS.Police\CS.Police.csproj", "{B187E8DC-4FC9-4D34-BA4F-B9854551F4FF}"
EndProject
Project("{9A19103F-16F7-4668-BE54-9A1E7A4F7556}") = "CS.Statistics", "src\CS.Statistics\CS.Statistics.csproj", "{CDA2ED7C-ABE2-4853-BE65-04EE91979F8A}"
EndProject
Project("{2150E333-8FDC-42A3-9474-1A3956D46DE8}") = "src", "src", "{7D4B2773-1558-4D5C-8F20-1C193AFC98BE}"
EndProject
Project("{FAE04EC0-301F-11D3-BF4B-00C04F79EFBC}") = "CS.Mobile", "src\CS.Mobile\CS.Mobile.csproj", "{F54C5AAD-3DCF-41A3-95A7-FDD2E315E5DD}"
EndProject
Global
	GlobalSection(SolutionConfigurationPlatforms) = preSolution
		Debug|Any CPU = Debug|Any CPU
		Release|Any CPU = Release|Any CPU
	EndGlobalSection
	GlobalSection(ProjectConfigurationPlatforms) = postSolution
		{B615986B-4EC5-481C-8B48-5ED2839D508D}.Debug|Any CPU.ActiveCfg = Debug|Any CPU
		{B615986B-4EC5-481C-8B48-5ED2839D508D}.Debug|Any CPU.Build.0 = Debug|Any CPU
		{B615986B-4EC5-481C-8B48-5ED2839D508D}.Release|Any CPU.ActiveCfg = Release|Any CPU
		{B615986B-4EC5-481C-8B48-5ED2839D508D}.Release|Any CPU.Build.0 = Release|Any CPU
		{DCC07FD2-A7C9-4A6C-915D-044F4B864607}.Debug|Any CPU.ActiveCfg = Debug|Any CPU
		{DCC07FD2-A7C9-4A6C-915D-044F4B864607}.Debug|Any CPU.Build.0 = Debug|Any CPU
		{DCC07FD2-A7C9-4A6C-915D-044F4B864607}.Release|Any CPU.ActiveCfg = Release|Any CPU
		{DCC07FD2-A7C9-4A6C-915D-044F4B864607}.Release|Any CPU.Build.0 = Release|Any CPU
		{8C91FC97-6AA2-4AEA-A2F4-52831919A64D}.Debug|Any CPU.ActiveCfg = Debug|Any CPU
		{8C91FC97-6AA2-4AEA-A2F4-52831919A64D}.Debug|Any CPU.Build.0 = Debug|Any CPU
		{8C91FC97-6AA2-4AEA-A2F4-52831919A64D}.Release|Any CPU.ActiveCfg = Release|Any CPU
		{8C91FC97-6AA2-4AEA-A2F4-52831919A64D}.Release|Any CPU.Build.0 = Release|Any CPU
		{31DD2B65-535F-4CEC-A4B5-842E5240508A}.Debug|Any CPU.ActiveCfg = Debug|Any CPU
		{31DD2B65-535F-4CEC-A4B5-842E5240508A}.Debug|Any CPU.Build.0 = Debug|Any CPU
		{31DD2B65-535F-4CEC-A4B5-842E5240508A}.Release|Any CPU.ActiveCfg = Release|Any CPU
		{31DD2B65-535F-4CEC-A4B5-842E5240508A}.Release|Any CPU.Build.0 = Release|Any CPU
		{5ABC3B21-F2FA-4D2A-A513-102A5FB0DE2F}.Debug|Any CPU.ActiveCfg = Debug|Any CPU
		{5ABC3B21-F2FA-4D2A-A513-102A5FB0DE2F}.Debug|Any CPU.Build.0 = Debug|Any CPU
		{5ABC3B21-F2FA-4D2A-A513-102A5FB0DE2F}.Release|Any CPU.ActiveCfg = Release|Any CPU
		{5ABC3B21-F2FA-4D2A-A513-102A5FB0DE2F}.Release|Any CPU.Build.0 = Release|Any CPU
		{B187E8DC-4FC9-4D34-BA4F-B9854551F4FF}.Debug|Any CPU.ActiveCfg = Debug|Any CPU
		{B187E8DC-4FC9-4D34-BA4F-B9854551F4FF}.Debug|Any CPU.Build.0 = Debug|Any CPU
		{B187E8DC-4FC9-4D34-BA4F-B9854551F4FF}.Release|Any CPU.ActiveCfg = Release|Any CPU
		{B187E8DC-4FC9-4D34-BA4F-B9854551F4FF}.Release|Any CPU.Build.0 = Release|Any CPU
		{CDA2ED7C-ABE2-4853-BE65-04EE91979F8A}.Debug|Any CPU.ActiveCfg = Debug|Any CPU
		{CDA2ED7C-ABE2-4853-BE65-04EE91979F8A}.Debug|Any CPU.Build.0 = Debug|Any CPU
		{CDA2ED7C-ABE2-4853-BE65-04EE91979F8A}.Release|Any CPU.ActiveCfg = Release|Any CPU
		{CDA2ED7C-ABE2-4853-BE65-04EE91979F8A}.Release|Any CPU.Build.0 = Release|Any CPU
		{F54C5AAD-3DCF-41A3-95A7-FDD2E315E5DD}.Debug|Any CPU.ActiveCfg = Debug|Any CPU
		{F54C5AAD-3DCF-41A3-95A7-FDD2E315E5DD}.Debug|Any CPU.Build.0 = Debug|Any CPU
		{F54C5AAD-3DCF-41A3-95A7-FDD2E315E5DD}.Debug|Any CPU.Deploy.0 = Debug|Any CPU
		{F54C5AAD-3DCF-41A3-95A7-FDD2E315E5DD}.Release|Any CPU.ActiveCfg = Release|Any CPU
		{F54C5AAD-3DCF-41A3-95A7-FDD2E315E5DD}.Release|Any CPU.Build.0 = Release|Any CPU
		{F54C5AAD-3DCF-41A3-95A7-FDD2E315E5DD}.Release|Any CPU.Deploy.0 = Release|Any CPU
	EndGlobalSection
	GlobalSection(SolutionProperties) = preSolution
		HideSolutionNode = FALSE
	EndGlobalSection
	GlobalSection(NestedProjects) = preSolution
		{B615986B-4EC5-481C-8B48-5ED2839D508D} = {7D4B2773-1558-4D5C-8F20-1C193AFC98BE}
		{DCC07FD2-A7C9-4A6C-915D-044F4B864607} = {7D4B2773-1558-4D5C-8F20-1C193AFC98BE}
		{8C91FC97-6AA2-4AEA-A2F4-52831919A64D} = {7D4B2773-1558-4D5C-8F20-1C193AFC98BE}
		{31DD2B65-535F-4CEC-A4B5-842E5240508A} = {7D4B2773-1558-4D5C-8F20-1C193AFC98BE}
		{5ABC3B21-F2FA-4D2A-A513-102A5FB0DE2F} = {7D4B2773-1558-4D5C-8F20-1C193AFC98BE}
		{B187E8DC-4FC9-4D34-BA4F-B9854551F4FF} = {7D4B2773-1558-4D5C-8F20-1C193AFC98BE}
		{CDA2ED7C-ABE2-4853-BE65-04EE91979F8A} = {7D4B2773-1558-4D5C-8F20-1C193AFC98BE}
		{F54C5AAD-3DCF-41A3-95A7-FDD2E315E5DD} = {7D4B2773-1558-4D5C-8F20-1C193AFC98BE}
	EndGlobalSection
	GlobalSection(ExtensibilityGlobals) = postSolution
		SolutionGuid = {5BA29EF2-3626-40D7-BFB9-36A34C33F57A}
	EndGlobalSection
EndGlobal
